
Microsoft Visual Studio Solution File, Format Version 12.00
# Visual Studio Version 17
VisualStudioVersion = 17.5.002.0
MinimumVisualStudioVersion = 10.0.40219.1
Project("{9A19103F-16F7-4668-BE54-9A1E7A4F7556}") = "Soru7", "Soru7.csproj", "{5144D53C-46D4-4827-A166-C524F18852BF}"
EndProject
Global
	GlobalSection(SolutionConfigurationPlatforms) = preSolution
		Debug|Any CPU = Debug|Any CPU
		Release|Any CPU = Release|Any CPU
	EndGlobalSection
	GlobalSection(ProjectConfigurationPlatforms) = postSolution
		{5144D53C-46D4-4827-A166-C524F18852BF}.Debug|Any CPU.ActiveCfg = Debug|Any CPU
		{5144D53C-46D4-4827-A166-C524F18852BF}.Debug|Any CPU.Build.0 = Debug|Any CPU
		{5144D53C-46D4-4827-A166-C524F18852BF}.Release|Any CPU.ActiveCfg = Release|Any CPU
		{5144D53C-46D4-4827-A166-C524F18852BF}.Release|Any CPU.Build.0 = Release|Any CPU
	EndGlobalSection
	GlobalSection(SolutionProperties) = preSolution
		HideSolutionNode = FALSE
	EndGlobalSection
	GlobalSection(ExtensibilityGlobals) = postSolution
		SolutionGuid = {A8668DE2-3E60-4A22-85AA-448945CF2794}
	EndGlobalSection
EndGlobal
