
Microsoft Visual Studio Solution File, Format Version 12.00
# Visual Studio Version 17
VisualStudioVersion = 17.5.002.0
MinimumVisualStudioVersion = 10.0.40219.1
Project("{9A19103F-16F7-4668-BE54-9A1E7A4F7556}") = "Soru7", "Soru7.csproj", "{89DF3D6D-080B-443A-8FE0-291D0ABF865C}"
EndProject
Global
	GlobalSection(SolutionConfigurationPlatforms) = preSolution
		Debug|Any CPU = Debug|Any CPU
		Release|Any CPU = Release|Any CPU
	EndGlobalSection
	GlobalSection(ProjectConfigurationPlatforms) = postSolution
		{89DF3D6D-080B-443A-8FE0-291D0ABF865C}.Debug|Any CPU.ActiveCfg = Debug|Any CPU
		{89DF3D6D-080B-443A-8FE0-291D0ABF865C}.Debug|Any CPU.Build.0 = Debug|Any CPU
		{89DF3D6D-080B-443A-8FE0-291D0ABF865C}.Release|Any CPU.ActiveCfg = Release|Any CPU
		{89DF3D6D-080B-443A-8FE0-291D0ABF865C}.Release|Any CPU.Build.0 = Release|Any CPU
	EndGlobalSection
	GlobalSection(SolutionProperties) = preSolution
		HideSolutionNode = FALSE
	EndGlobalSection
	GlobalSection(ExtensibilityGlobals) = postSolution
		SolutionGuid = {62FFF900-BBA0-49CA-B5F5-CF7A89D74C10}
	EndGlobalSection
EndGlobal
