
Microsoft Visual Studio Solution File, Format Version 12.00
# Visual Studio Version 17
VisualStudioVersion = 17.5.002.0
MinimumVisualStudioVersion = 10.0.40219.1
Project("{9A19103F-16F7-4668-BE54-9A1E7A4F7556}") = "Soru3", "Soru3.csproj", "{7AF3E8F4-45C3-464A-B192-7F6A36DC945F}"
EndProject
Global
	GlobalSection(SolutionConfigurationPlatforms) = preSolution
		Debug|Any CPU = Debug|Any CPU
		Release|Any CPU = Release|Any CPU
	EndGlobalSection
	GlobalSection(ProjectConfigurationPlatforms) = postSolution
		{7AF3E8F4-45C3-464A-B192-7F6A36DC945F}.Debug|Any CPU.ActiveCfg = Debug|Any CPU
		{7AF3E8F4-45C3-464A-B192-7F6A36DC945F}.Debug|Any CPU.Build.0 = Debug|Any CPU
		{7AF3E8F4-45C3-464A-B192-7F6A36DC945F}.Release|Any CPU.ActiveCfg = Release|Any CPU
		{7AF3E8F4-45C3-464A-B192-7F6A36DC945F}.Release|Any CPU.Build.0 = Release|Any CPU
	EndGlobalSection
	GlobalSection(SolutionProperties) = preSolution
		HideSolutionNode = FALSE
	EndGlobalSection
	GlobalSection(ExtensibilityGlobals) = postSolution
		SolutionGuid = {50E0F7FD-DE72-4BAB-B088-7D0456E7B94F}
	EndGlobalSection
EndGlobal
