
Microsoft Visual Studio Solution File, Format Version 12.00
# Visual Studio Version 17
VisualStudioVersion = 17.5.002.0
MinimumVisualStudioVersion = 10.0.40219.1
Project("{9A19103F-16F7-4668-BE54-9A1E7A4F7556}") = "Soru01", "Soru01.csproj", "{1E727C7F-CEC6-40CB-8A84-E25A61899A33}"
EndProject
Global
	GlobalSection(SolutionConfigurationPlatforms) = preSolution
		Debug|Any CPU = Debug|Any CPU
		Release|Any CPU = Release|Any CPU
	EndGlobalSection
	GlobalSection(ProjectConfigurationPlatforms) = postSolution
		{1E727C7F-CEC6-40CB-8A84-E25A61899A33}.Debug|Any CPU.ActiveCfg = Debug|Any CPU
		{1E727C7F-CEC6-40CB-8A84-E25A61899A33}.Debug|Any CPU.Build.0 = Debug|Any CPU
		{1E727C7F-CEC6-40CB-8A84-E25A61899A33}.Release|Any CPU.ActiveCfg = Release|Any CPU
		{1E727C7F-CEC6-40CB-8A84-E25A61899A33}.Release|Any CPU.Build.0 = Release|Any CPU
	EndGlobalSection
	GlobalSection(SolutionProperties) = preSolution
		HideSolutionNode = FALSE
	EndGlobalSection
	GlobalSection(ExtensibilityGlobals) = postSolution
		SolutionGuid = {34D10A03-886C-4F34-BEB9-1774F5098D10}
	EndGlobalSection
EndGlobal
