
Microsoft Visual Studio Solution File, Format Version 12.00
# Visual Studio Version 17
VisualStudioVersion = 17.5.002.0
MinimumVisualStudioVersion = 10.0.40219.1
Project("{9A19103F-16F7-4668-BE54-9A1E7A4F7556}") = "Soru6", "Soru6.csproj", "{CBFB6862-D7C7-47DF-A9C0-D7237434F061}"
EndProject
Global
	GlobalSection(SolutionConfigurationPlatforms) = preSolution
		Debug|Any CPU = Debug|Any CPU
		Release|Any CPU = Release|Any CPU
	EndGlobalSection
	GlobalSection(ProjectConfigurationPlatforms) = postSolution
		{CBFB6862-D7C7-47DF-A9C0-D7237434F061}.Debug|Any CPU.ActiveCfg = Debug|Any CPU
		{CBFB6862-D7C7-47DF-A9C0-D7237434F061}.Debug|Any CPU.Build.0 = Debug|Any CPU
		{CBFB6862-D7C7-47DF-A9C0-D7237434F061}.Release|Any CPU.ActiveCfg = Release|Any CPU
		{CBFB6862-D7C7-47DF-A9C0-D7237434F061}.Release|Any CPU.Build.0 = Release|Any CPU
	EndGlobalSection
	GlobalSection(SolutionProperties) = preSolution
		HideSolutionNode = FALSE
	EndGlobalSection
	GlobalSection(ExtensibilityGlobals) = postSolution
		SolutionGuid = {DB43B2BE-1FAF-46A5-99DD-64AFC38527A9}
	EndGlobalSection
EndGlobal
