
Microsoft Visual Studio Solution File, Format Version 12.00
# Visual Studio Version 17
VisualStudioVersion = 17.5.002.0
MinimumVisualStudioVersion = 10.0.40219.1
Project("{9A19103F-16F7-4668-BE54-9A1E7A4F7556}") = "Soru08", "Soru08.csproj", "{2B8E9344-260F-482C-938B-642B825AE44A}"
EndProject
Global
	GlobalSection(SolutionConfigurationPlatforms) = preSolution
		Debug|Any CPU = Debug|Any CPU
		Release|Any CPU = Release|Any CPU
	EndGlobalSection
	GlobalSection(ProjectConfigurationPlatforms) = postSolution
		{2B8E9344-260F-482C-938B-642B825AE44A}.Debug|Any CPU.ActiveCfg = Debug|Any CPU
		{2B8E9344-260F-482C-938B-642B825AE44A}.Debug|Any CPU.Build.0 = Debug|Any CPU
		{2B8E9344-260F-482C-938B-642B825AE44A}.Release|Any CPU.ActiveCfg = Release|Any CPU
		{2B8E9344-260F-482C-938B-642B825AE44A}.Release|Any CPU.Build.0 = Release|Any CPU
	EndGlobalSection
	GlobalSection(SolutionProperties) = preSolution
		HideSolutionNode = FALSE
	EndGlobalSection
	GlobalSection(ExtensibilityGlobals) = postSolution
		SolutionGuid = {2FD9B071-C0BA-47DA-BBC1-AFD7EB6380E2}
	EndGlobalSection
EndGlobal
