
Microsoft Visual Studio Solution File, Format Version 12.00
# Visual Studio Version 17
VisualStudioVersion = 17.5.002.0
MinimumVisualStudioVersion = 10.0.40219.1
Project("{9A19103F-16F7-4668-BE54-9A1E7A4F7556}") = "Soru2", "Soru2.csproj", "{76B7A061-D569-4DEA-BE1F-084F5F54B940}"
EndProject
Global
	GlobalSection(SolutionConfigurationPlatforms) = preSolution
		Debug|Any CPU = Debug|Any CPU
		Release|Any CPU = Release|Any CPU
	EndGlobalSection
	GlobalSection(ProjectConfigurationPlatforms) = postSolution
		{76B7A061-D569-4DEA-BE1F-084F5F54B940}.Debug|Any CPU.ActiveCfg = Debug|Any CPU
		{76B7A061-D569-4DEA-BE1F-084F5F54B940}.Debug|Any CPU.Build.0 = Debug|Any CPU
		{76B7A061-D569-4DEA-BE1F-084F5F54B940}.Release|Any CPU.ActiveCfg = Release|Any CPU
		{76B7A061-D569-4DEA-BE1F-084F5F54B940}.Release|Any CPU.Build.0 = Release|Any CPU
	EndGlobalSection
	GlobalSection(SolutionProperties) = preSolution
		HideSolutionNode = FALSE
	EndGlobalSection
	GlobalSection(ExtensibilityGlobals) = postSolution
		SolutionGuid = {3D65D103-1F63-4C1B-B72D-3606D52FF4EF}
	EndGlobalSection
EndGlobal
