
Microsoft Visual Studio Solution File, Format Version 12.00
# Visual Studio Version 17
VisualStudioVersion = 17.5.002.0
MinimumVisualStudioVersion = 10.0.40219.1
Project("{9A19103F-16F7-4668-BE54-9A1E7A4F7556}") = "Soru4", "Soru4.csproj", "{9D9B7C24-799A-40E5-8F6C-D56BEF4B9D01}"
EndProject
Global
	GlobalSection(SolutionConfigurationPlatforms) = preSolution
		Debug|Any CPU = Debug|Any CPU
		Release|Any CPU = Release|Any CPU
	EndGlobalSection
	GlobalSection(ProjectConfigurationPlatforms) = postSolution
		{9D9B7C24-799A-40E5-8F6C-D56BEF4B9D01}.Debug|Any CPU.ActiveCfg = Debug|Any CPU
		{9D9B7C24-799A-40E5-8F6C-D56BEF4B9D01}.Debug|Any CPU.Build.0 = Debug|Any CPU
		{9D9B7C24-799A-40E5-8F6C-D56BEF4B9D01}.Release|Any CPU.ActiveCfg = Release|Any CPU
		{9D9B7C24-799A-40E5-8F6C-D56BEF4B9D01}.Release|Any CPU.Build.0 = Release|Any CPU
	EndGlobalSection
	GlobalSection(SolutionProperties) = preSolution
		HideSolutionNode = FALSE
	EndGlobalSection
	GlobalSection(ExtensibilityGlobals) = postSolution
		SolutionGuid = {C17AD0D6-5EAE-4CA1-BDA8-3CE26585BCDD}
	EndGlobalSection
EndGlobal
