
Microsoft Visual Studio Solution File, Format Version 12.00
# Visual Studio Version 17
VisualStudioVersion = 17.5.002.0
MinimumVisualStudioVersion = 10.0.40219.1
Project("{9A19103F-16F7-4668-BE54-9A1E7A4F7556}") = "Proje05-25.08.2024", "Proje05-25.08.2024.csproj", "{D0970BA2-42A0-43F1-A998-95A0E3AF79C3}"
EndProject
Global
	GlobalSection(SolutionConfigurationPlatforms) = preSolution
		Debug|Any CPU = Debug|Any CPU
		Release|Any CPU = Release|Any CPU
	EndGlobalSection
	GlobalSection(ProjectConfigurationPlatforms) = postSolution
		{D0970BA2-42A0-43F1-A998-95A0E3AF79C3}.Debug|Any CPU.ActiveCfg = Debug|Any CPU
		{D0970BA2-42A0-43F1-A998-95A0E3AF79C3}.Debug|Any CPU.Build.0 = Debug|Any CPU
		{D0970BA2-42A0-43F1-A998-95A0E3AF79C3}.Release|Any CPU.ActiveCfg = Release|Any CPU
		{D0970BA2-42A0-43F1-A998-95A0E3AF79C3}.Release|Any CPU.Build.0 = Release|Any CPU
	EndGlobalSection
	GlobalSection(SolutionProperties) = preSolution
		HideSolutionNode = FALSE
	EndGlobalSection
	GlobalSection(ExtensibilityGlobals) = postSolution
		SolutionGuid = {C9A10EE7-8F73-4609-AC13-54F026D6A0D2}
	EndGlobalSection
EndGlobal
