
Microsoft Visual Studio Solution File, Format Version 12.00
# Visual Studio Version 17
VisualStudioVersion = 17.5.002.0
MinimumVisualStudioVersion = 10.0.40219.1
Project("{9A19103F-16F7-4668-BE54-9A1E7A4F7556}") = "Proje04-24.08.2024", "Proje04-24.08.2024.csproj", "{332724E3-AA5B-4AF5-9312-F908AA6A88D3}"
EndProject
Global
	GlobalSection(SolutionConfigurationPlatforms) = preSolution
		Debug|Any CPU = Debug|Any CPU
		Release|Any CPU = Release|Any CPU
	EndGlobalSection
	GlobalSection(ProjectConfigurationPlatforms) = postSolution
		{332724E3-AA5B-4AF5-9312-F908AA6A88D3}.Debug|Any CPU.ActiveCfg = Debug|Any CPU
		{332724E3-AA5B-4AF5-9312-F908AA6A88D3}.Debug|Any CPU.Build.0 = Debug|Any CPU
		{332724E3-AA5B-4AF5-9312-F908AA6A88D3}.Release|Any CPU.ActiveCfg = Release|Any CPU
		{332724E3-AA5B-4AF5-9312-F908AA6A88D3}.Release|Any CPU.Build.0 = Release|Any CPU
	EndGlobalSection
	GlobalSection(SolutionProperties) = preSolution
		HideSolutionNode = FALSE
	EndGlobalSection
	GlobalSection(ExtensibilityGlobals) = postSolution
		SolutionGuid = {E1BF3D25-D794-4DC1-8EB5-50DDAE07E8F0}
	EndGlobalSection
EndGlobal
