
Microsoft Visual Studio Solution File, Format Version 12.00
# Visual Studio Version 17
VisualStudioVersion = 17.5.002.0
MinimumVisualStudioVersion = 10.0.40219.1
Project("{9A19103F-16F7-4668-BE54-9A1E7A4F7556}") = "Soru02", "Soru02.csproj", "{C9CAF5E5-D31E-49E9-BCC9-E8741130ADEF}"
EndProject
Global
	GlobalSection(SolutionConfigurationPlatforms) = preSolution
		Debug|Any CPU = Debug|Any CPU
		Release|Any CPU = Release|Any CPU
	EndGlobalSection
	GlobalSection(ProjectConfigurationPlatforms) = postSolution
		{C9CAF5E5-D31E-49E9-BCC9-E8741130ADEF}.Debug|Any CPU.ActiveCfg = Debug|Any CPU
		{C9CAF5E5-D31E-49E9-BCC9-E8741130ADEF}.Debug|Any CPU.Build.0 = Debug|Any CPU
		{C9CAF5E5-D31E-49E9-BCC9-E8741130ADEF}.Release|Any CPU.ActiveCfg = Release|Any CPU
		{C9CAF5E5-D31E-49E9-BCC9-E8741130ADEF}.Release|Any CPU.Build.0 = Release|Any CPU
	EndGlobalSection
	GlobalSection(SolutionProperties) = preSolution
		HideSolutionNode = FALSE
	EndGlobalSection
	GlobalSection(ExtensibilityGlobals) = postSolution
		SolutionGuid = {42E5992A-0C39-4426-8993-C62F3301DE6C}
	EndGlobalSection
EndGlobal
