
Microsoft Visual Studio Solution File, Format Version 12.00
# Visual Studio Version 17
VisualStudioVersion = 17.5.002.0
MinimumVisualStudioVersion = 10.0.40219.1
Project("{9A19103F-16F7-4668-BE54-9A1E7A4F7556}") = "Soru5", "Soru5.csproj", "{EF5FA511-0DAC-43BC-89B3-93ABE4A595A5}"
EndProject
Global
	GlobalSection(SolutionConfigurationPlatforms) = preSolution
		Debug|Any CPU = Debug|Any CPU
		Release|Any CPU = Release|Any CPU
	EndGlobalSection
	GlobalSection(ProjectConfigurationPlatforms) = postSolution
		{EF5FA511-0DAC-43BC-89B3-93ABE4A595A5}.Debug|Any CPU.ActiveCfg = Debug|Any CPU
		{EF5FA511-0DAC-43BC-89B3-93ABE4A595A5}.Debug|Any CPU.Build.0 = Debug|Any CPU
		{EF5FA511-0DAC-43BC-89B3-93ABE4A595A5}.Release|Any CPU.ActiveCfg = Release|Any CPU
		{EF5FA511-0DAC-43BC-89B3-93ABE4A595A5}.Release|Any CPU.Build.0 = Release|Any CPU
	EndGlobalSection
	GlobalSection(SolutionProperties) = preSolution
		HideSolutionNode = FALSE
	EndGlobalSection
	GlobalSection(ExtensibilityGlobals) = postSolution
		SolutionGuid = {2A52B77A-355C-4487-860A-53E8EF377875}
	EndGlobalSection
EndGlobal
