
Microsoft Visual Studio Solution File, Format Version 12.00
# Visual Studio Version 17
VisualStudioVersion = 17.5.002.0
MinimumVisualStudioVersion = 10.0.40219.1
Project("{9A19103F-16F7-4668-BE54-9A1E7A4F7556}") = "Soru3", "Soru3.csproj", "{6B78DA75-CF91-4454-99A2-63158790FFEF}"
EndProject
Global
	GlobalSection(SolutionConfigurationPlatforms) = preSolution
		Debug|Any CPU = Debug|Any CPU
		Release|Any CPU = Release|Any CPU
	EndGlobalSection
	GlobalSection(ProjectConfigurationPlatforms) = postSolution
		{6B78DA75-CF91-4454-99A2-63158790FFEF}.Debug|Any CPU.ActiveCfg = Debug|Any CPU
		{6B78DA75-CF91-4454-99A2-63158790FFEF}.Debug|Any CPU.Build.0 = Debug|Any CPU
		{6B78DA75-CF91-4454-99A2-63158790FFEF}.Release|Any CPU.ActiveCfg = Release|Any CPU
		{6B78DA75-CF91-4454-99A2-63158790FFEF}.Release|Any CPU.Build.0 = Release|Any CPU
	EndGlobalSection
	GlobalSection(SolutionProperties) = preSolution
		HideSolutionNode = FALSE
	EndGlobalSection
	GlobalSection(ExtensibilityGlobals) = postSolution
		SolutionGuid = {A8A19619-5BC0-4C3D-9279-D8D9FC3A32D2}
	EndGlobalSection
EndGlobal
