
Microsoft Visual Studio Solution File, Format Version 12.00
# Visual Studio Version 17
VisualStudioVersion = 17.5.002.0
MinimumVisualStudioVersion = 10.0.40219.1
Project("{9A19103F-16F7-4668-BE54-9A1E7A4F7556}") = "Soru16", "Soru16.csproj", "{DAF6A654-FCB1-4F8D-8AC7-7DB57EA1E8E8}"
EndProject
Global
	GlobalSection(SolutionConfigurationPlatforms) = preSolution
		Debug|Any CPU = Debug|Any CPU
		Release|Any CPU = Release|Any CPU
	EndGlobalSection
	GlobalSection(ProjectConfigurationPlatforms) = postSolution
		{DAF6A654-FCB1-4F8D-8AC7-7DB57EA1E8E8}.Debug|Any CPU.ActiveCfg = Debug|Any CPU
		{DAF6A654-FCB1-4F8D-8AC7-7DB57EA1E8E8}.Debug|Any CPU.Build.0 = Debug|Any CPU
		{DAF6A654-FCB1-4F8D-8AC7-7DB57EA1E8E8}.Release|Any CPU.ActiveCfg = Release|Any CPU
		{DAF6A654-FCB1-4F8D-8AC7-7DB57EA1E8E8}.Release|Any CPU.Build.0 = Release|Any CPU
	EndGlobalSection
	GlobalSection(SolutionProperties) = preSolution
		HideSolutionNode = FALSE
	EndGlobalSection
	GlobalSection(ExtensibilityGlobals) = postSolution
		SolutionGuid = {A5FDC293-05D7-42DE-8BA7-DDE982AC9422}
	EndGlobalSection
EndGlobal
