
Microsoft Visual Studio Solution File, Format Version 12.00
# Visual Studio Version 17
VisualStudioVersion = 17.5.002.0
MinimumVisualStudioVersion = 10.0.40219.1
Project("{9A19103F-16F7-4668-BE54-9A1E7A4F7556}") = "Soru11", "Soru11.csproj", "{F765BBA6-A222-4CC9-9539-956D1D6ECA8B}"
EndProject
Global
	GlobalSection(SolutionConfigurationPlatforms) = preSolution
		Debug|Any CPU = Debug|Any CPU
		Release|Any CPU = Release|Any CPU
	EndGlobalSection
	GlobalSection(ProjectConfigurationPlatforms) = postSolution
		{F765BBA6-A222-4CC9-9539-956D1D6ECA8B}.Debug|Any CPU.ActiveCfg = Debug|Any CPU
		{F765BBA6-A222-4CC9-9539-956D1D6ECA8B}.Debug|Any CPU.Build.0 = Debug|Any CPU
		{F765BBA6-A222-4CC9-9539-956D1D6ECA8B}.Release|Any CPU.ActiveCfg = Release|Any CPU
		{F765BBA6-A222-4CC9-9539-956D1D6ECA8B}.Release|Any CPU.Build.0 = Release|Any CPU
	EndGlobalSection
	GlobalSection(SolutionProperties) = preSolution
		HideSolutionNode = FALSE
	EndGlobalSection
	GlobalSection(ExtensibilityGlobals) = postSolution
		SolutionGuid = {A762B68B-9A4A-4CA0-BC89-BEDC7CA1D9BB}
	EndGlobalSection
EndGlobal
