
Microsoft Visual Studio Solution File, Format Version 12.00
# Visual Studio Version 17
VisualStudioVersion = 17.5.002.0
MinimumVisualStudioVersion = 10.0.40219.1
Project("{9A19103F-16F7-4668-BE54-9A1E7A4F7556}") = "HomeWork_New", "HomeWork_New.csproj", "{E8DBB452-9FE3-430D-8187-6E355F39A364}"
EndProject
Global
	GlobalSection(SolutionConfigurationPlatforms) = preSolution
		Debug|Any CPU = Debug|Any CPU
		Release|Any CPU = Release|Any CPU
	EndGlobalSection
	GlobalSection(ProjectConfigurationPlatforms) = postSolution
		{E8DBB452-9FE3-430D-8187-6E355F39A364}.Debug|Any CPU.ActiveCfg = Debug|Any CPU
		{E8DBB452-9FE3-430D-8187-6E355F39A364}.Debug|Any CPU.Build.0 = Debug|Any CPU
		{E8DBB452-9FE3-430D-8187-6E355F39A364}.Release|Any CPU.ActiveCfg = Release|Any CPU
		{E8DBB452-9FE3-430D-8187-6E355F39A364}.Release|Any CPU.Build.0 = Release|Any CPU
	EndGlobalSection
	GlobalSection(SolutionProperties) = preSolution
		HideSolutionNode = FALSE
	EndGlobalSection
	GlobalSection(ExtensibilityGlobals) = postSolution
		SolutionGuid = {A35406E9-BD57-4C54-9E5C-37815B5083A9}
	EndGlobalSection
EndGlobal
