
Microsoft Visual Studio Solution File, Format Version 12.00
# Visual Studio Version 17
VisualStudioVersion = 17.5.002.0
MinimumVisualStudioVersion = 10.0.40219.1
Project("{9A19103F-16F7-4668-BE54-9A1E7A4F7556}") = "Soru10", "Soru10.csproj", "{670C9890-3C8A-4FB3-A367-A90CD2982439}"
EndProject
Global
	GlobalSection(SolutionConfigurationPlatforms) = preSolution
		Debug|Any CPU = Debug|Any CPU
		Release|Any CPU = Release|Any CPU
	EndGlobalSection
	GlobalSection(ProjectConfigurationPlatforms) = postSolution
		{670C9890-3C8A-4FB3-A367-A90CD2982439}.Debug|Any CPU.ActiveCfg = Debug|Any CPU
		{670C9890-3C8A-4FB3-A367-A90CD2982439}.Debug|Any CPU.Build.0 = Debug|Any CPU
		{670C9890-3C8A-4FB3-A367-A90CD2982439}.Release|Any CPU.ActiveCfg = Release|Any CPU
		{670C9890-3C8A-4FB3-A367-A90CD2982439}.Release|Any CPU.Build.0 = Release|Any CPU
	EndGlobalSection
	GlobalSection(SolutionProperties) = preSolution
		HideSolutionNode = FALSE
	EndGlobalSection
	GlobalSection(ExtensibilityGlobals) = postSolution
		SolutionGuid = {4469A0A5-1F0E-4F6F-BCB1-A8C6C3DD01C8}
	EndGlobalSection
EndGlobal
