
Microsoft Visual Studio Solution File, Format Version 12.00
# Visual Studio Version 17
VisualStudioVersion = 17.5.002.0
MinimumVisualStudioVersion = 10.0.40219.1
Project("{9A19103F-16F7-4668-BE54-9A1E7A4F7556}") = "Soru5", "Soru5.csproj", "{B2F3BAD8-1B9E-4976-A5DC-007B42E3D37A}"
EndProject
Global
	GlobalSection(SolutionConfigurationPlatforms) = preSolution
		Debug|Any CPU = Debug|Any CPU
		Release|Any CPU = Release|Any CPU
	EndGlobalSection
	GlobalSection(ProjectConfigurationPlatforms) = postSolution
		{B2F3BAD8-1B9E-4976-A5DC-007B42E3D37A}.Debug|Any CPU.ActiveCfg = Debug|Any CPU
		{B2F3BAD8-1B9E-4976-A5DC-007B42E3D37A}.Debug|Any CPU.Build.0 = Debug|Any CPU
		{B2F3BAD8-1B9E-4976-A5DC-007B42E3D37A}.Release|Any CPU.ActiveCfg = Release|Any CPU
		{B2F3BAD8-1B9E-4976-A5DC-007B42E3D37A}.Release|Any CPU.Build.0 = Release|Any CPU
	EndGlobalSection
	GlobalSection(SolutionProperties) = preSolution
		HideSolutionNode = FALSE
	EndGlobalSection
	GlobalSection(ExtensibilityGlobals) = postSolution
		SolutionGuid = {BAA613EE-E56C-4EFB-8B8E-DC2F2C91E388}
	EndGlobalSection
EndGlobal
